
Microsoft Visual Studio Solution File, Format Version 12.00
# Visual Studio Version 17
VisualStudioVersion = 17.1.32421.90
MinimumVisualStudioVersion = 10.0.40219.1
Project("{FAE04EC0-301F-11D3-BF4B-00C04F79EFBC}") = "12-1-5", "12-1-5\12-1-5.csproj", "{8E666D8E-49DC-49BD-9C78-90A7D54AF8A6}"
EndProject
Global
	GlobalSection(SolutionConfigurationPlatforms) = preSolution
		Debug|Any CPU = Debug|Any CPU
		Release|Any CPU = Release|Any CPU
	EndGlobalSection
	GlobalSection(ProjectConfigurationPlatforms) = postSolution
		{8E666D8E-49DC-49BD-9C78-90A7D54AF8A6}.Debug|Any CPU.ActiveCfg = Debug|Any CPU
		{8E666D8E-49DC-49BD-9C78-90A7D54AF8A6}.Debug|Any CPU.Build.0 = Debug|Any CPU
		{8E666D8E-49DC-49BD-9C78-90A7D54AF8A6}.Release|Any CPU.ActiveCfg = Release|Any CPU
		{8E666D8E-49DC-49BD-9C78-90A7D54AF8A6}.Release|Any CPU.Build.0 = Release|Any CPU
	EndGlobalSection
	GlobalSection(SolutionProperties) = preSolution
		HideSolutionNode = FALSE
	EndGlobalSection
	GlobalSection(ExtensibilityGlobals) = postSolution
		SolutionGuid = {22815B34-C4FB-47DE-BAB9-822019F72477}
	EndGlobalSection
EndGlobal
